{
  "version": "5",
  "specifiers": {
    "jsr:@std/yaml@*": "1.2.0"
  },
  "jsr": {
    "@std/yaml@1.2.0": {
      "integrity": "20beb41e4983ba3437dbefac62b14061ab058e8a187596f19d28ff9035f6e6cf"
    }
  },
  "workspace": {
    "packageJson": {
      "dependencies": [
        "npm:@expo-google-fonts/archivo@~0.4.2",
        "npm:@expo-google-fonts/barlow-condensed@~0.4.1",
        "npm:@expo-google-fonts/bricolage-grotesque@~0.4.1",
        "npm:@expo-google-fonts/ibm-plex-mono@~0.4.1",
        "npm:@expo-google-fonts/inter-tight@~0.4.2",
        "npm:@expo-google-fonts/inter@~0.4.2",
        "npm:@expo-google-fonts/manrope@~0.4.2",
        "npm:@expo-google-fonts/newsreader@~0.4.1",
        "npm:@expo-google-fonts/space-mono@~0.4.2",
        "npm:@expo/vector-icons@^15.0.3",
        "npm:@react-native-async-storage/async-storage@2.2.0",
        "npm:@react-native-community/netinfo@12.0.1",
        "npm:@supabase/supabase-js@^2.110.2",
        "npm:@testing-library/react-native@14.0.1",
        "npm:@types/aes-js@^3.1.4",
        "npm:@types/jest@^29.5.14",
        "npm:@types/react-test-renderer@^19.1.0",
        "npm:@types/react@~19.2.10",
        "npm:aes-js@^3.1.2",
        "npm:eslint-config-expo@~57.0.2",
        "npm:eslint@^9.25.0",
        "npm:expo-auth-session@~57.0.12",
        "npm:expo-blur@~57.0.3",
        "npm:expo-camera@~57.0.5",
        "npm:expo-constants@~57.0.17",
        "npm:expo-crypto@~57.0.3",
        "npm:expo-dev-client@~57.0.19",
        "npm:expo-file-system@~57.0.6",
        "npm:expo-font@~57.0.3",
        "npm:expo-haptics@~57.0.3",
        "npm:expo-image-manipulator@~57.0.18",
        "npm:expo-image-picker@~57.0.18",
        "npm:expo-image@~57.0.5",
        "npm:expo-linear-gradient@~57.0.2",
        "npm:expo-linking@~57.0.10",
        "npm:expo-router@~57.0.21",
        "npm:expo-secure-store@~57.0.4",
        "npm:expo-splash-screen@~57.0.9",
        "npm:expo-status-bar@~57.0.1",
        "npm:expo-symbols@~57.0.3",
        "npm:expo-system-ui@~57.0.4",
        "npm:expo-video@~57.0.4",
        "npm:expo-web-browser@~57.0.3",
        "npm:expo@~57.0.23",
        "npm:jest-expo@~57.0.5",
        "npm:jest@^29.7.0",
        "npm:react-dom@19.2.3",
        "npm:react-native-gesture-handler@2.32",
        "npm:react-native-reanimated@4.5.1",
        "npm:react-native-safe-area-context@5.7",
        "npm:react-native-screens@4.26",
        "npm:react-native-svg@15.15.4",
        "npm:react-native-url-polyfill@3",
        "npm:react-native-web@0.21",
        "npm:react-native-webview@13.16.1",
        "npm:react-native-worklets@0.10.1",
        "npm:react-native@0.86.3",
        "npm:react@19.2.3",
        "npm:sharp@~0.35.3",
        "npm:test-renderer@1.2.0",
        "npm:typescript@~6.0.3"
      ]
    }
  }
}
